
Microsoft Visual Studio Solution File, Format Version 12.00
# Visual Studio 15
VisualStudioVersion = 15.0.27130.2010
MinimumVisualStudioVersion = 10.0.40219.1
Project("{FAE04EC0-301F-11D3-BF4B-00C04F79EFBC}") = "Card-Catalog", "Card-Catalog\Card-Catalog.csproj", "{F378D3B4-7363-4CA1-9845-1FB29446767A}"
EndProject
Global
	GlobalSection(SolutionConfigurationPlatforms) = preSolution
		Debug|Any CPU = Debug|Any CPU
		Release|Any CPU = Release|Any CPU
	EndGlobalSection
	GlobalSection(ProjectConfigurationPlatforms) = postSolution
		{F378D3B4-7363-4CA1-9845-1FB29446767A}.Debug|Any CPU.ActiveCfg = Debug|Any CPU
		{F378D3B4-7363-4CA1-9845-1FB29446767A}.Debug|Any CPU.Build.0 = Debug|Any CPU
		{F378D3B4-7363-4CA1-9845-1FB29446767A}.Release|Any CPU.ActiveCfg = Release|Any CPU
		{F378D3B4-7363-4CA1-9845-1FB29446767A}.Release|Any CPU.Build.0 = Release|Any CPU
	EndGlobalSection
	GlobalSection(SolutionProperties) = preSolution
		HideSolutionNode = FALSE
	EndGlobalSection
	GlobalSection(ExtensibilityGlobals) = postSolution
		SolutionGuid = {F50E25C7-2E4F-4CA0-97FA-84BD67B4462F}
	EndGlobalSection
EndGlobal
